{
    "version": 3,
    "terraform_version": "0.11.3",
    "serial": 2,
    "lineage": "be89b280-dff1-498d-b8d2-b18924744f28",
    "modules": [
        {
            "path": [
                "root"
            ],
            "outputs": {},
            "resources": {
                "google_compute_instance.test": {
                    "type": "google_compute_instance",
                    "depends_on": [],
                    "primary": {
                        "id": "test",
                        "attributes": {
                            "attached_disk.#": "0",
                            "boot_disk.#": "1",
                            "boot_disk.0.auto_delete": "true",
                            "boot_disk.0.device_name": "persistent-disk-0",
                            "boot_disk.0.disk_encryption_key_raw": "",
                            "boot_disk.0.disk_encryption_key_sha256": "",
                            "boot_disk.0.initialize_params.#": "1",
                            "boot_disk.0.initialize_params.0.image": "https://www.googleapis.com/compute/v1/projects/debian-cloud/global/images/debian-8-jessie-v20180307",
                            "boot_disk.0.initialize_params.0.size": "10",
                            "boot_disk.0.initialize_params.0.type": "pd-standard",
                            "boot_disk.0.source": "https://www.googleapis.com/compute/v1/projects/data-gp-toolsmiths/zones/us-central1-a/disks/test",
                            "can_ip_forward": "false",
                            "cpu_platform": "Intel Sandy Bridge",
                            "create_timeout": "4",
                            "guest_accelerator.#": "0",
                            "id": "test",
                            "instance_id": "4322343973810281143",
                            "label_fingerprint": "42WmSpB8rSM=",
                            "machine_type": "n1-standard-1",
                            "metadata.%": "0",
                            "metadata_fingerprint": "glvaalIlmFg=",
                            "metadata_startup_script": "",
                            "min_cpu_platform": "",
                            "name": "test",
                            "network_interface.#": "1",
                            "network_interface.0.access_config.#": "0",
                            "network_interface.0.address": "192.168.6.3",
                            "network_interface.0.alias_ip_range.#": "0",
                            "network_interface.0.name": "nic0",
                            "network_interface.0.network": "https://www.googleapis.com/compute/v1/projects/data-gp-toolsmiths/global/networks/toolsmiths-env-network",
                            "network_interface.0.network_ip": "192.168.6.3",
                            "network_interface.0.subnetwork": "https://www.googleapis.com/compute/v1/projects/data-gp-toolsmiths/regions/us-central1/subnetworks/toolshed-private-subnet",
                            "network_interface.0.subnetwork_project": "data-gp-toolsmiths",
                            "project": "data-gp-toolsmiths",
                            "scheduling.#": "1",
                            "scheduling.0.automatic_restart": "true",
                            "scheduling.0.on_host_maintenance": "MIGRATE",
                            "scheduling.0.preemptible": "false",
                            "scratch_disk.#": "0",
                            "self_link": "https://www.googleapis.com/compute/v1/projects/data-gp-toolsmiths/zones/us-central1-a/instances/test",
                            "service_account.#": "0",
                            "tags.#": "0",
                            "tags_fingerprint": "42WmSpB8rSM=",
                            "zone": "us-central1-a"
                        },
                        "meta": {
                            "e2bfb730-ecaa-11e6-8f88-34363bc7c4c0": {
                                "create": 360000000000,
                                "delete": 360000000000,
                                "update": 360000000000
                            },
                            "schema_version": "6"
                        },
                        "tainted": false
                    },
                    "deposed": [],
                    "provider": "provider.google"
                }
            },
            "depends_on": []
        }
    ]
}
